
Microsoft Visual Studio Solution File, Format Version 12.00
# Visual Studio Version 17
VisualStudioVersion = 17.8.34309.116
MinimumVisualStudioVersion = 10.0.40219.1
Project("{9A19103F-16F7-4668-BE54-9A1E7A4F7556}") = "Server", "Server\Server.csproj", "{63F261AE-6274-4121-8BA5-1500220047D4}"
EndProject
Project("{9A19103F-16F7-4668-BE54-9A1E7A4F7556}") = "SendEmail", "SendEmail\SendEmail.csproj", "{55BCD760-6E1C-4848-A8DA-D1B6F4CD4A66}"
EndProject
Global
	GlobalSection(SolutionConfigurationPlatforms) = preSolution
		Debug|Any CPU = Debug|Any CPU
		Release|Any CPU = Release|Any CPU
	EndGlobalSection
	GlobalSection(ProjectConfigurationPlatforms) = postSolution
		{63F261AE-6274-4121-8BA5-1500220047D4}.Debug|Any CPU.ActiveCfg = Debug|Any CPU
		{63F261AE-6274-4121-8BA5-1500220047D4}.Debug|Any CPU.Build.0 = Debug|Any CPU
		{63F261AE-6274-4121-8BA5-1500220047D4}.Release|Any CPU.ActiveCfg = Release|Any CPU
		{63F261AE-6274-4121-8BA5-1500220047D4}.Release|Any CPU.Build.0 = Release|Any CPU
		{55BCD760-6E1C-4848-A8DA-D1B6F4CD4A66}.Debug|Any CPU.ActiveCfg = Debug|Any CPU
		{55BCD760-6E1C-4848-A8DA-D1B6F4CD4A66}.Debug|Any CPU.Build.0 = Debug|Any CPU
		{55BCD760-6E1C-4848-A8DA-D1B6F4CD4A66}.Release|Any CPU.ActiveCfg = Release|Any CPU
		{55BCD760-6E1C-4848-A8DA-D1B6F4CD4A66}.Release|Any CPU.Build.0 = Release|Any CPU
	EndGlobalSection
	GlobalSection(SolutionProperties) = preSolution
		HideSolutionNode = FALSE
	EndGlobalSection
	GlobalSection(ExtensibilityGlobals) = postSolution
		SolutionGuid = {92004B46-3ED8-4329-814F-ED95F84DF11D}
	EndGlobalSection
EndGlobal
